// !$*UTF8*$!
{
	archiveVersion = 1;
	classes = {
	};
	objectVersion = 56;
	objects = {

/* Begin PBXBuildFile section */
		6D2CB6BA2B9859A2002C56B3 /* APIError.swift in Sources */ = {isa = PBXBuildFile; fileRef = 6D2CB6B92B9859A2002C56B3 /* APIError.swift */; };
		6D62C0E22B93BDB800868579 /* BubbleMessageView.swift in Sources */ = {isa = PBXBuildFile; fileRef = 6D62C0E12B93BDB800868579 /* BubbleMessageView.swift */; };
		6D62C0E52B95AE4800868579 /* Constants.swift in Sources */ = {isa = PBXBuildFile; fileRef = 6D62C0E42B95AE4800868579 /* Constants.swift */; };
		6D62C0E82B95B1AB00868579 /* UITableView+scrollToBottom.swift in Sources */ = {isa = PBXBuildFile; fileRef = 6D62C0E72B95B1AB00868579 /* UITableView+scrollToBottom.swift */; };
		6D62C0EE2B95D4F600868579 /* UserMessageTableViewCell.swift in Sources */ = {isa = PBXBuildFile; fileRef = 6D62C0ED2B95D4F600868579 /* UserMessageTableViewCell.swift */; };
		6D62C0F02B95D59600868579 /* BotMessageTableViewCell.swift in Sources */ = {isa = PBXBuildFile; fileRef = 6D62C0EF2B95D59600868579 /* BotMessageTableViewCell.swift */; };
		6D62C0F32B95DE4600868579 /* Realm in Frameworks */ = {isa = PBXBuildFile; productRef = 6D62C0F22B95DE4600868579 /* Realm */; };
		6D62C0F52B95DE4600868579 /* RealmSwift in Frameworks */ = {isa = PBXBuildFile; productRef = 6D62C0F42B95DE4600868579 /* RealmSwift */; };
		6D62C0F82B95DEEF00868579 /* UIColor+toHex.swift in Sources */ = {isa = PBXBuildFile; fileRef = 6D62C0F72B95DEEF00868579 /* UIColor+toHex.swift */; };
		6D62C0FC2B95E04600868579 /* DBService.swift in Sources */ = {isa = PBXBuildFile; fileRef = 6D62C0FB2B95E04600868579 /* DBService.swift */; };
		6D62C0FF2B95E2A300868579 /* APIService.swift in Sources */ = {isa = PBXBuildFile; fileRef = 6D62C0FE2B95E2A300868579 /* APIService.swift */; };
		6D62C1022B95E96600868579 /* Alamofire in Frameworks */ = {isa = PBXBuildFile; productRef = 6D62C1012B95E96600868579 /* Alamofire */; };
		6D62C1062B95FE6900868579 /* UITableView+insertRow.swift in Sources */ = {isa = PBXBuildFile; fileRef = 6D62C1052B95FE6900868579 /* UITableView+insertRow.swift */; };
		6D62C1092B95FFFE00868579 /* ChatService.swift in Sources */ = {isa = PBXBuildFile; fileRef = 6D62C1082B95FFFE00868579 /* ChatService.swift */; };
		6D62C10B2B960A4A00868579 /* UITableView+reloadChats.swift in Sources */ = {isa = PBXBuildFile; fileRef = 6D62C10A2B960A4A00868579 /* UITableView+reloadChats.swift */; };
		6D62C1122B96120A00868579 /* Validation.swift in Sources */ = {isa = PBXBuildFile; fileRef = 6D62C1112B96120A00868579 /* Validation.swift */; };
		6D62C1152B96130B00868579 /* ValidationError.swift in Sources */ = {isa = PBXBuildFile; fileRef = 6D62C1142B96130B00868579 /* ValidationError.swift */; };
		6D62C1182B9613BF00868579 /* ErrorAlert.swift in Sources */ = {isa = PBXBuildFile; fileRef = 6D62C1172B9613BF00868579 /* ErrorAlert.swift */; };
		6D62C11B2B96613F00868579 /* DotsView.swift in Sources */ = {isa = PBXBuildFile; fileRef = 6D62C11A2B96613F00868579 /* DotsView.swift */; };
		6D6864D82B91CA0F005CC1C1 /* AppDelegate.swift in Sources */ = {isa = PBXBuildFile; fileRef = 6D6864D72B91CA0F005CC1C1 /* AppDelegate.swift */; };
		6D6864DC2B91CA0F005CC1C1 /* ChatsListViewController.swift in Sources */ = {isa = PBXBuildFile; fileRef = 6D6864DB2B91CA0F005CC1C1 /* ChatsListViewController.swift */; };
		6D6864E12B91CA11005CC1C1 /* Assets.xcassets in Resources */ = {isa = PBXBuildFile; fileRef = 6D6864E02B91CA11005CC1C1 /* Assets.xcassets */; };
		6D6864EC2B91CB9F005CC1C1 /* Launch Screen.storyboard in Resources */ = {isa = PBXBuildFile; fileRef = 6D6864EB2B91CB9F005CC1C1 /* Launch Screen.storyboard */; };
		6D6864FC2B91CFE7005CC1C1 /* SnapKit in Frameworks */ = {isa = PBXBuildFile; productRef = 6D6864FB2B91CFE7005CC1C1 /* SnapKit */; };
		6D6864FE2B91D0DE005CC1C1 /* Chat.swift in Sources */ = {isa = PBXBuildFile; fileRef = 6D6864FD2B91D0DE005CC1C1 /* Chat.swift */; };
		6D6865002B91D24D005CC1C1 /* ChatsListView.swift in Sources */ = {isa = PBXBuildFile; fileRef = 6D6864FF2B91D24D005CC1C1 /* ChatsListView.swift */; };
		6D6865022B91D376005CC1C1 /* Colors.xcassets in Resources */ = {isa = PBXBuildFile; fileRef = 6D6865012B91D376005CC1C1 /* Colors.xcassets */; };
		6D6865052B91DAB2005CC1C1 /* Localizable.xcstrings in Resources */ = {isa = PBXBuildFile; fileRef = 6D6865042B91DAB2005CC1C1 /* Localizable.xcstrings */; };
		6D68650B2B91DB00005CC1C1 /* String+localized.swift in Sources */ = {isa = PBXBuildFile; fileRef = 6D68650A2B91DB00005CC1C1 /* String+localized.swift */; };
		6D68650F2B91DCDE005CC1C1 /* Poppins-SemiBold.ttf in Resources */ = {isa = PBXBuildFile; fileRef = 6D68650D2B91DCDE005CC1C1 /* Poppins-SemiBold.ttf */; };
		6D6865102B91DCDE005CC1C1 /* Poppins-Medium.ttf in Resources */ = {isa = PBXBuildFile; fileRef = 6D68650E2B91DCDE005CC1C1 /* Poppins-Medium.ttf */; };
		6D6865132B91DD7C005CC1C1 /* UIFont+poppins.swift in Sources */ = {isa = PBXBuildFile; fileRef = 6D6865122B91DD7C005CC1C1 /* UIFont+poppins.swift */; };
		6D6865172B91DF4E005CC1C1 /* BinaryFloatingPoint.swift in Sources */ = {isa = PBXBuildFile; fileRef = 6D6865162B91DF4E005CC1C1 /* BinaryFloatingPoint.swift */; };
		6D68651B2B91FA90005CC1C1 /* ChatsTableViewCell.swift in Sources */ = {isa = PBXBuildFile; fileRef = 6D68651A2B91FA90005CC1C1 /* ChatsTableViewCell.swift */; };
		6D68651F2B91FD5C005CC1C1 /* Reusable.swift in Sources */ = {isa = PBXBuildFile; fileRef = 6D68651E2B91FD5C005CC1C1 /* Reusable.swift */; };
		6D6865252B921A0F005CC1C1 /* Message.swift in Sources */ = {isa = PBXBuildFile; fileRef = 6D6865242B921A0F005CC1C1 /* Message.swift */; };
		6D6865282B921A92005CC1C1 /* SenderRole.swift in Sources */ = {isa = PBXBuildFile; fileRef = 6D6865272B921A92005CC1C1 /* SenderRole.swift */; };
		6D68652A2B921AAD005CC1C1 /* ChatView.swift in Sources */ = {isa = PBXBuildFile; fileRef = 6D6865292B921AAD005CC1C1 /* ChatView.swift */; };
		6D68652C2B921AB6005CC1C1 /* ChatViewController.swift in Sources */ = {isa = PBXBuildFile; fileRef = 6D68652B2B921AB6005CC1C1 /* ChatViewController.swift */; };
		6D6865302B922AAC005CC1C1 /* FlexibleTextView.swift in Sources */ = {isa = PBXBuildFile; fileRef = 6D68652F2B922AAC005CC1C1 /* FlexibleTextView.swift */; };
		6D6865352B924316005CC1C1 /* CheckForEmpty.swift in Sources */ = {isa = PBXBuildFile; fileRef = 6D6865342B924316005CC1C1 /* CheckForEmpty.swift */; };
		6DB526EF2B98670000110BDA /* ErrorHelper.swift in Sources */ = {isa = PBXBuildFile; fileRef = 6DB526EE2B98670000110BDA /* ErrorHelper.swift */; };
		6DB526F22B988ABE00110BDA /* NetworkSerivce.swift in Sources */ = {isa = PBXBuildFile; fileRef = 6DB526F12B988ABE00110BDA /* NetworkSerivce.swift */; };
		6DB526F52B98944200110BDA /* Notification.Name.swift in Sources */ = {isa = PBXBuildFile; fileRef = 6DB526F42B98944200110BDA /* Notification.Name.swift */; };
/* End PBXBuildFile section */

/* Begin PBXFileReference section */
		6D2CB6B92B9859A2002C56B3 /* APIError.swift */ = {isa = PBXFileReference; lastKnownFileType = sourcecode.swift; path = APIError.swift; sourceTree = "<group>"; };
		6D62C0E12B93BDB800868579 /* BubbleMessageView.swift */ = {isa = PBXFileReference; lastKnownFileType = sourcecode.swift; path = BubbleMessageView.swift; sourceTree = "<group>"; };
		6D62C0E42B95AE4800868579 /* Constants.swift */ = {isa = PBXFileReference; lastKnownFileType = sourcecode.swift; path = Constants.swift; sourceTree = "<group>"; };
		6D62C0E72B95B1AB00868579 /* UITableView+scrollToBottom.swift */ = {isa = PBXFileReference; lastKnownFileType = sourcecode.swift; path = "UITableView+scrollToBottom.swift"; sourceTree = "<group>"; };
		6D62C0ED2B95D4F600868579 /* UserMessageTableViewCell.swift */ = {isa = PBXFileReference; lastKnownFileType = sourcecode.swift; path = UserMessageTableViewCell.swift; sourceTree = "<group>"; };
		6D62C0EF2B95D59600868579 /* BotMessageTableViewCell.swift */ = {isa = PBXFileReference; lastKnownFileType = sourcecode.swift; path = BotMessageTableViewCell.swift; sourceTree = "<group>"; };
		6D62C0F72B95DEEF00868579 /* UIColor+toHex.swift */ = {isa = PBXFileReference; lastKnownFileType = sourcecode.swift; path = "UIColor+toHex.swift"; sourceTree = "<group>"; };
		6D62C0FB2B95E04600868579 /* DBService.swift */ = {isa = PBXFileReference; lastKnownFileType = sourcecode.swift; path = DBService.swift; sourceTree = "<group>"; };
		6D62C0FE2B95E2A300868579 /* APIService.swift */ = {isa = PBXFileReference; lastKnownFileType = sourcecode.swift; path = APIService.swift; sourceTree = "<group>"; };
		6D62C1052B95FE6900868579 /* UITableView+insertRow.swift */ = {isa = PBXFileReference; lastKnownFileType = sourcecode.swift; path = "UITableView+insertRow.swift"; sourceTree = "<group>"; };
		6D62C1082B95FFFE00868579 /* ChatService.swift */ = {isa = PBXFileReference; lastKnownFileType = sourcecode.swift; path = ChatService.swift; sourceTree = "<group>"; };
		6D62C10A2B960A4A00868579 /* UITableView+reloadChats.swift */ = {isa = PBXFileReference; lastKnownFileType = sourcecode.swift; path = "UITableView+reloadChats.swift"; sourceTree = "<group>"; };
		6D62C1112B96120A00868579 /* Validation.swift */ = {isa = PBXFileReference; lastKnownFileType = sourcecode.swift; path = Validation.swift; sourceTree = "<group>"; };
		6D62C1142B96130B00868579 /* ValidationError.swift */ = {isa = PBXFileReference; lastKnownFileType = sourcecode.swift; path = ValidationError.swift; sourceTree = "<group>"; };
		6D62C1172B9613BF00868579 /* ErrorAlert.swift */ = {isa = PBXFileReference; lastKnownFileType = sourcecode.swift; path = ErrorAlert.swift; sourceTree = "<group>"; };
		6D62C11A2B96613F00868579 /* DotsView.swift */ = {isa = PBXFileReference; lastKnownFileType = sourcecode.swift; path = DotsView.swift; sourceTree = "<group>"; };
		6D6864D42B91CA0F005CC1C1 /* ChatAI.app */ = {isa = PBXFileReference; explicitFileType = wrapper.application; includeInIndex = 0; path = ChatAI.app; sourceTree = BUILT_PRODUCTS_DIR; };
		6D6864D72B91CA0F005CC1C1 /* AppDelegate.swift */ = {isa = PBXFileReference; lastKnownFileType = sourcecode.swift; path = AppDelegate.swift; sourceTree = "<group>"; };
		6D6864DB2B91CA0F005CC1C1 /* ChatsListViewController.swift */ = {isa = PBXFileReference; lastKnownFileType = sourcecode.swift; path = ChatsListViewController.swift; sourceTree = "<group>"; };
		6D6864E02B91CA11005CC1C1 /* Assets.xcassets */ = {isa = PBXFileReference; lastKnownFileType = folder.assetcatalog; path = Assets.xcassets; sourceTree = "<group>"; };
		6D6864E52B91CA11005CC1C1 /* Info.plist */ = {isa = PBXFileReference; lastKnownFileType = text.plist.xml; path = Info.plist; sourceTree = "<group>"; };
		6D6864EB2B91CB9F005CC1C1 /* Launch Screen.storyboard */ = {isa = PBXFileReference; lastKnownFileType = file.storyboard; path = "Launch Screen.storyboard"; sourceTree = "<group>"; };
		6D6864FD2B91D0DE005CC1C1 /* Chat.swift */ = {isa = PBXFileReference; lastKnownFileType = sourcecode.swift; path = Chat.swift; sourceTree = "<group>"; };
		6D6864FF2B91D24D005CC1C1 /* ChatsListView.swift */ = {isa = PBXFileReference; lastKnownFileType = sourcecode.swift; path = ChatsListView.swift; sourceTree = "<group>"; };
		6D6865012B91D376005CC1C1 /* Colors.xcassets */ = {isa = PBXFileReference; lastKnownFileType = folder.assetcatalog; path = Colors.xcassets; sourceTree = "<group>"; };
		6D6865042B91DAB2005CC1C1 /* Localizable.xcstrings */ = {isa = PBXFileReference; lastKnownFileType = text.json.xcstrings; path = Localizable.xcstrings; sourceTree = "<group>"; };
		6D68650A2B91DB00005CC1C1 /* String+localized.swift */ = {isa = PBXFileReference; lastKnownFileType = sourcecode.swift; path = "String+localized.swift"; sourceTree = "<group>"; };
		6D68650D2B91DCDE005CC1C1 /* Poppins-SemiBold.ttf */ = {isa = PBXFileReference; lastKnownFileType = file; path = "Poppins-SemiBold.ttf"; sourceTree = "<group>"; };
		6D68650E2B91DCDE005CC1C1 /* Poppins-Medium.ttf */ = {isa = PBXFileReference; lastKnownFileType = file; path = "Poppins-Medium.ttf"; sourceTree = "<group>"; };
		6D6865122B91DD7C005CC1C1 /* UIFont+poppins.swift */ = {isa = PBXFileReference; lastKnownFileType = sourcecode.swift; path = "UIFont+poppins.swift"; sourceTree = "<group>"; };
		6D6865162B91DF4E005CC1C1 /* BinaryFloatingPoint.swift */ = {isa = PBXFileReference; lastKnownFileType = sourcecode.swift; path = BinaryFloatingPoint.swift; sourceTree = "<group>"; };
		6D68651A2B91FA90005CC1C1 /* ChatsTableViewCell.swift */ = {isa = PBXFileReference; lastKnownFileType = sourcecode.swift; path = ChatsTableViewCell.swift; sourceTree = "<group>"; };
		6D68651E2B91FD5C005CC1C1 /* Reusable.swift */ = {isa = PBXFileReference; lastKnownFileType = sourcecode.swift; path = Reusable.swift; sourceTree = "<group>"; };
		6D6865242B921A0F005CC1C1 /* Message.swift */ = {isa = PBXFileReference; lastKnownFileType = sourcecode.swift; path = Message.swift; sourceTree = "<group>"; };
		6D6865272B921A92005CC1C1 /* SenderRole.swift */ = {isa = PBXFileReference; lastKnownFileType = sourcecode.swift; path = SenderRole.swift; sourceTree = "<group>"; };
		6D6865292B921AAD005CC1C1 /* ChatView.swift */ = {isa = PBXFileReference; lastKnownFileType = sourcecode.swift; path = ChatView.swift; sourceTree = "<group>"; };
		6D68652B2B921AB6005CC1C1 /* ChatViewController.swift */ = {isa = PBXFileReference; lastKnownFileType = sourcecode.swift; path = ChatViewController.swift; sourceTree = "<group>"; };
		6D68652F2B922AAC005CC1C1 /* FlexibleTextView.swift */ = {isa = PBXFileReference; lastKnownFileType = sourcecode.swift; path = FlexibleTextView.swift; sourceTree = "<group>"; };
		6D6865342B924316005CC1C1 /* CheckForEmpty.swift */ = {isa = PBXFileReference; lastKnownFileType = sourcecode.swift; path = CheckForEmpty.swift; sourceTree = "<group>"; };
		6DB526EE2B98670000110BDA /* ErrorHelper.swift */ = {isa = PBXFileReference; lastKnownFileType = sourcecode.swift; path = ErrorHelper.swift; sourceTree = "<group>"; };
		6DB526F12B988ABE00110BDA /* NetworkSerivce.swift */ = {isa = PBXFileReference; lastKnownFileType = sourcecode.swift; path = NetworkSerivce.swift; sourceTree = "<group>"; };
		6DB526F42B98944200110BDA /* Notification.Name.swift */ = {isa = PBXFileReference; lastKnownFileType = sourcecode.swift; path = Notification.Name.swift; sourceTree = "<group>"; };
/* End PBXFileReference section */

/* Begin PBXFrameworksBuildPhase section */
		6D6864D12B91CA0F005CC1C1 /* Frameworks */ = {
			isa = PBXFrameworksBuildPhase;
			buildActionMask = 2147483647;
			files = (
				6D62C0F52B95DE4600868579 /* RealmSwift in Frameworks */,
				6D62C1022B95E96600868579 /* Alamofire in Frameworks */,
				6D62C0F32B95DE4600868579 /* Realm in Frameworks */,
				6D6864FC2B91CFE7005CC1C1 /* SnapKit in Frameworks */,
			);
			runOnlyForDeploymentPostprocessing = 0;
		};
/* End PBXFrameworksBuildPhase section */

/* Begin PBXGroup section */
		6D62C0E02B93BDA300868579 /* BubbleMessageView */ = {
			isa = PBXGroup;
			children = (
				6D62C0E12B93BDB800868579 /* BubbleMessageView.swift */,
			);
			path = BubbleMessageView;
			sourceTree = "<group>";
		};
		6D62C0E32B95AE3700868579 /* Constants */ = {
			isa = PBXGroup;
			children = (
				6D62C0E42B95AE4800868579 /* Constants.swift */,
			);
			path = Constants;
			sourceTree = "<group>";
		};
		6D62C0E62B95B15600868579 /* UITableView */ = {
			isa = PBXGroup;
			children = (
				6D62C0E72B95B1AB00868579 /* UITableView+scrollToBottom.swift */,
				6D62C1052B95FE6900868579 /* UITableView+insertRow.swift */,
				6D62C10A2B960A4A00868579 /* UITableView+reloadChats.swift */,
			);
			path = UITableView;
			sourceTree = "<group>";
		};
		6D62C0F62B95DEDF00868579 /* UIColor */ = {
			isa = PBXGroup;
			children = (
				6D62C0F72B95DEEF00868579 /* UIColor+toHex.swift */,
			);
			path = UIColor;
			sourceTree = "<group>";
		};
		6D62C0F92B95E01E00868579 /* Service */ = {
			isa = PBXGroup;
			children = (
				6DB526F02B988AB100110BDA /* NetworkService */,
				6D62C1072B95FFF200868579 /* ChatService */,
				6D62C0FD2B95E29500868579 /* APIService */,
				6D62C0FA2B95E03A00868579 /* DBService */,
			);
			path = Service;
			sourceTree = "<group>";
		};
		6D62C0FA2B95E03A00868579 /* DBService */ = {
			isa = PBXGroup;
			children = (
				6D62C0FB2B95E04600868579 /* DBService.swift */,
			);
			path = DBService;
			sourceTree = "<group>";
		};
		6D62C0FD2B95E29500868579 /* APIService */ = {
			isa = PBXGroup;
			children = (
				6D62C0FE2B95E2A300868579 /* APIService.swift */,
			);
			path = APIService;
			sourceTree = "<group>";
		};
		6D62C1072B95FFF200868579 /* ChatService */ = {
			isa = PBXGroup;
			children = (
				6D62C1082B95FFFE00868579 /* ChatService.swift */,
			);
			path = ChatService;
			sourceTree = "<group>";
		};
		6D62C1102B9611FF00868579 /* Validation */ = {
			isa = PBXGroup;
			children = (
				6D62C1132B96121000868579 /* Enum */,
				6D62C1112B96120A00868579 /* Validation.swift */,
			);
			path = Validation;
			sourceTree = "<group>";
		};
		6D62C1132B96121000868579 /* Enum */ = {
			isa = PBXGroup;
			children = (
				6D62C1142B96130B00868579 /* ValidationError.swift */,
				6D2CB6B92B9859A2002C56B3 /* APIError.swift */,
			);
			path = Enum;
			sourceTree = "<group>";
		};
		6D62C1162B9613B400868579 /* ErrorAlert */ = {
			isa = PBXGroup;
			children = (
				6D62C1172B9613BF00868579 /* ErrorAlert.swift */,
			);
			path = ErrorAlert;
			sourceTree = "<group>";
		};
		6D62C1192B96613000868579 /* DotsView */ = {
			isa = PBXGroup;
			children = (
				6D62C11A2B96613F00868579 /* DotsView.swift */,
			);
			path = DotsView;
			sourceTree = "<group>";
		};
		6D6864CB2B91CA0F005CC1C1 = {
			isa = PBXGroup;
			children = (
				6D6864D62B91CA0F005CC1C1 /* ChatAI */,
				6D6864D52B91CA0F005CC1C1 /* Products */,
			);
			sourceTree = "<group>";
		};
		6D6864D52B91CA0F005CC1C1 /* Products */ = {
			isa = PBXGroup;
			children = (
				6D6864D42B91CA0F005CC1C1 /* ChatAI.app */,
			);
			name = Products;
			sourceTree = "<group>";
		};
		6D6864D62B91CA0F005CC1C1 /* ChatAI */ = {
			isa = PBXGroup;
			children = (
				6D6864EF2B91CEA1005CC1C1 /* Modules */,
				6D6864EE2B91CE9C005CC1C1 /* Common */,
				6D6864ED2B91CE95005CC1C1 /* Resources */,
				6D6864D72B91CA0F005CC1C1 /* AppDelegate.swift */,
				6D6864E52B91CA11005CC1C1 /* Info.plist */,
			);
			path = ChatAI;
			sourceTree = "<group>";
		};
		6D6864ED2B91CE95005CC1C1 /* Resources */ = {
			isa = PBXGroup;
			children = (
				6D68650C2B91DC50005CC1C1 /* Fonts */,
				6D6865032B91DAA3005CC1C1 /* Localization */,
				6D6864EB2B91CB9F005CC1C1 /* Launch Screen.storyboard */,
				6D6864E02B91CA11005CC1C1 /* Assets.xcassets */,
				6D6865012B91D376005CC1C1 /* Colors.xcassets */,
			);
			path = Resources;
			sourceTree = "<group>";
		};
		6D6864EE2B91CE9C005CC1C1 /* Common */ = {
			isa = PBXGroup;
			children = (
				6D62C0F92B95E01E00868579 /* Service */,
				6D62C0E32B95AE3700868579 /* Constants */,
				6D68652D2B922A94005CC1C1 /* Components */,
				6D68651C2B91FD4B005CC1C1 /* Protocols */,
				6D6865142B91DF37005CC1C1 /* Helpers */,
				6D6865062B91DADF005CC1C1 /* Extensions */,
			);
			path = Common;
			sourceTree = "<group>";
		};
		6D6864EF2B91CEA1005CC1C1 /* Modules */ = {
			isa = PBXGroup;
			children = (
				6D6865202B9219DB005CC1C1 /* ChatScreen */,
				6D6864F22B91CEF8005CC1C1 /* ChatsListScreen */,
			);
			path = Modules;
			sourceTree = "<group>";
		};
		6D6864F22B91CEF8005CC1C1 /* ChatsListScreen */ = {
			isa = PBXGroup;
			children = (
				6D6864F32B91CF01005CC1C1 /* Model */,
				6D6864F42B91CF08005CC1C1 /* View */,
				6D6864F52B91CF14005CC1C1 /* Controller */,
			);
			path = ChatsListScreen;
			sourceTree = "<group>";
		};
		6D6864F32B91CF01005CC1C1 /* Model */ = {
			isa = PBXGroup;
			children = (
				6D6864FD2B91D0DE005CC1C1 /* Chat.swift */,
			);
			path = Model;
			sourceTree = "<group>";
		};
		6D6864F42B91CF08005CC1C1 /* View */ = {
			isa = PBXGroup;
			children = (
				6D6865192B91FA7D005CC1C1 /* Cell */,
				6D6864FF2B91D24D005CC1C1 /* ChatsListView.swift */,
			);
			path = View;
			sourceTree = "<group>";
		};
		6D6864F52B91CF14005CC1C1 /* Controller */ = {
			isa = PBXGroup;
			children = (
				6D6864DB2B91CA0F005CC1C1 /* ChatsListViewController.swift */,
			);
			path = Controller;
			sourceTree = "<group>";
		};
		6D6865032B91DAA3005CC1C1 /* Localization */ = {
			isa = PBXGroup;
			children = (
				6D6865042B91DAB2005CC1C1 /* Localizable.xcstrings */,
			);
			path = Localization;
			sourceTree = "<group>";
		};
		6D6865062B91DADF005CC1C1 /* Extensions */ = {
			isa = PBXGroup;
			children = (
				6DB526F32B98942700110BDA /* Notification */,
				6D62C0F62B95DEDF00868579 /* UIColor */,
				6D62C0E62B95B15600868579 /* UITableView */,
				6D6865182B91F908005CC1C1 /* BinaryFloatingPoint */,
				6D6865112B91DD67005CC1C1 /* UIFont */,
				6D6865072B91DAE6005CC1C1 /* String */,
			);
			path = Extensions;
			sourceTree = "<group>";
		};
		6D6865072B91DAE6005CC1C1 /* String */ = {
			isa = PBXGroup;
			children = (
				6D68650A2B91DB00005CC1C1 /* String+localized.swift */,
			);
			path = String;
			sourceTree = "<group>";
		};
		6D68650C2B91DC50005CC1C1 /* Fonts */ = {
			isa = PBXGroup;
			children = (
				6D68650E2B91DCDE005CC1C1 /* Poppins-Medium.ttf */,
				6D68650D2B91DCDE005CC1C1 /* Poppins-SemiBold.ttf */,
			);
			path = Fonts;
			sourceTree = "<group>";
		};
		6D6865112B91DD67005CC1C1 /* UIFont */ = {
			isa = PBXGroup;
			children = (
				6D6865122B91DD7C005CC1C1 /* UIFont+poppins.swift */,
			);
			path = UIFont;
			sourceTree = "<group>";
		};
		6D6865142B91DF37005CC1C1 /* Helpers */ = {
			isa = PBXGroup;
			children = (
				6DB526ED2B9866F300110BDA /* ErrorHelper */,
				6D62C1102B9611FF00868579 /* Validation */,
				6D6865312B9242F7005CC1C1 /* Functions */,
			);
			path = Helpers;
			sourceTree = "<group>";
		};
		6D6865182B91F908005CC1C1 /* BinaryFloatingPoint */ = {
			isa = PBXGroup;
			children = (
				6D6865162B91DF4E005CC1C1 /* BinaryFloatingPoint.swift */,
			);
			path = BinaryFloatingPoint;
			sourceTree = "<group>";
		};
		6D6865192B91FA7D005CC1C1 /* Cell */ = {
			isa = PBXGroup;
			children = (
				6D68651A2B91FA90005CC1C1 /* ChatsTableViewCell.swift */,
			);
			path = Cell;
			sourceTree = "<group>";
		};
		6D68651C2B91FD4B005CC1C1 /* Protocols */ = {
			isa = PBXGroup;
			children = (
				6D68651D2B91FD50005CC1C1 /* Reusable */,
			);
			path = Protocols;
			sourceTree = "<group>";
		};
		6D68651D2B91FD50005CC1C1 /* Reusable */ = {
			isa = PBXGroup;
			children = (
				6D68651E2B91FD5C005CC1C1 /* Reusable.swift */,
			);
			path = Reusable;
			sourceTree = "<group>";
		};
		6D6865202B9219DB005CC1C1 /* ChatScreen */ = {
			isa = PBXGroup;
			children = (
				6D6865212B9219F0005CC1C1 /* Model */,
				6D6865222B9219F4005CC1C1 /* View */,
				6D6865232B9219FD005CC1C1 /* Controller */,
			);
			path = ChatScreen;
			sourceTree = "<group>";
		};
		6D6865212B9219F0005CC1C1 /* Model */ = {
			isa = PBXGroup;
			children = (
				6D6865262B921A7E005CC1C1 /* Enum */,
				6D6865242B921A0F005CC1C1 /* Message.swift */,
			);
			path = Model;
			sourceTree = "<group>";
		};
		6D6865222B9219F4005CC1C1 /* View */ = {
			isa = PBXGroup;
			children = (
				6D6865362B92522F005CC1C1 /* Cell */,
				6D6865292B921AAD005CC1C1 /* ChatView.swift */,
			);
			path = View;
			sourceTree = "<group>";
		};
		6D6865232B9219FD005CC1C1 /* Controller */ = {
			isa = PBXGroup;
			children = (
				6D68652B2B921AB6005CC1C1 /* ChatViewController.swift */,
			);
			path = Controller;
			sourceTree = "<group>";
		};
		6D6865262B921A7E005CC1C1 /* Enum */ = {
			isa = PBXGroup;
			children = (
				6D6865272B921A92005CC1C1 /* SenderRole.swift */,
			);
			path = Enum;
			sourceTree = "<group>";
		};
		6D68652D2B922A94005CC1C1 /* Components */ = {
			isa = PBXGroup;
			children = (
				6D62C1192B96613000868579 /* DotsView */,
				6D62C1162B9613B400868579 /* ErrorAlert */,
				6D62C0E02B93BDA300868579 /* BubbleMessageView */,
				6D68652E2B922A9B005CC1C1 /* FlexibleTextView */,
			);
			path = Components;
			sourceTree = "<group>";
		};
		6D68652E2B922A9B005CC1C1 /* FlexibleTextView */ = {
			isa = PBXGroup;
			children = (
				6D68652F2B922AAC005CC1C1 /* FlexibleTextView.swift */,
			);
			path = FlexibleTextView;
			sourceTree = "<group>";
		};
		6D6865312B9242F7005CC1C1 /* Functions */ = {
			isa = PBXGroup;
			children = (
				6D6865342B924316005CC1C1 /* CheckForEmpty.swift */,
			);
			path = Functions;
			sourceTree = "<group>";
		};
		6D6865362B92522F005CC1C1 /* Cell */ = {
			isa = PBXGroup;
			children = (
				6D62C0ED2B95D4F600868579 /* UserMessageTableViewCell.swift */,
				6D62C0EF2B95D59600868579 /* BotMessageTableViewCell.swift */,
			);
			path = Cell;
			sourceTree = "<group>";
		};
		6DB526ED2B9866F300110BDA /* ErrorHelper */ = {
			isa = PBXGroup;
			children = (
				6DB526EE2B98670000110BDA /* ErrorHelper.swift */,
			);
			path = ErrorHelper;
			sourceTree = "<group>";
		};
		6DB526F02B988AB100110BDA /* NetworkService */ = {
			isa = PBXGroup;
			children = (
				6DB526F12B988ABE00110BDA /* NetworkSerivce.swift */,
			);
			path = NetworkService;
			sourceTree = "<group>";
		};
		6DB526F32B98942700110BDA /* Notification */ = {
			isa = PBXGroup;
			children = (
				6DB526F42B98944200110BDA /* Notification.Name.swift */,
			);
			path = Notification;
			sourceTree = "<group>";
		};
/* End PBXGroup section */

/* Begin PBXNativeTarget section */
		6D6864D32B91CA0F005CC1C1 /* ChatAI */ = {
			isa = PBXNativeTarget;
			buildConfigurationList = 6D6864E82B91CA11005CC1C1 /* Build configuration list for PBXNativeTarget "ChatAI" */;
			buildPhases = (
				6D6864D02B91CA0F005CC1C1 /* Sources */,
				6D6864D12B91CA0F005CC1C1 /* Frameworks */,
				6D6864D22B91CA0F005CC1C1 /* Resources */,
				6D6864F92B91CF9F005CC1C1 /* SwiftLint */,
			);
			buildRules = (
			);
			dependencies = (
			);
			name = ChatAI;
			packageProductDependencies = (
				6D6864FB2B91CFE7005CC1C1 /* SnapKit */,
				6D62C0F22B95DE4600868579 /* Realm */,
				6D62C0F42B95DE4600868579 /* RealmSwift */,
				6D62C1012B95E96600868579 /* Alamofire */,
			);
			productName = ChatAI;
			productReference = 6D6864D42B91CA0F005CC1C1 /* ChatAI.app */;
			productType = "com.apple.product-type.application";
		};
/* End PBXNativeTarget section */

/* Begin PBXProject section */
		6D6864CC2B91CA0F005CC1C1 /* Project object */ = {
			isa = PBXProject;
			attributes = {
				BuildIndependentTargetsInParallel = 1;
				LastSwiftUpdateCheck = 1520;
				LastUpgradeCheck = 1520;
				TargetAttributes = {
					6D6864D32B91CA0F005CC1C1 = {
						CreatedOnToolsVersion = 15.2;
					};
				};
			};
			buildConfigurationList = 6D6864CF2B91CA0F005CC1C1 /* Build configuration list for PBXProject "ChatAI" */;
			compatibilityVersion = "Xcode 14.0";
			developmentRegion = en;
			hasScannedForEncodings = 0;
			knownRegions = (
				en,
				Base,
			);
			mainGroup = 6D6864CB2B91CA0F005CC1C1;
			packageReferences = (
				6D6864FA2B91CFE7005CC1C1 /* XCRemoteSwiftPackageReference "SnapKit" */,
				6D62C0F12B95DE4600868579 /* XCRemoteSwiftPackageReference "realm-swift" */,
				6D62C1002B95E96600868579 /* XCRemoteSwiftPackageReference "Alamofire" */,
			);
			productRefGroup = 6D6864D52B91CA0F005CC1C1 /* Products */;
			projectDirPath = "";
			projectRoot = "";
			targets = (
				6D6864D32B91CA0F005CC1C1 /* ChatAI */,
			);
		};
/* End PBXProject section */

/* Begin PBXResourcesBuildPhase section */
		6D6864D22B91CA0F005CC1C1 /* Resources */ = {
			isa = PBXResourcesBuildPhase;
			buildActionMask = 2147483647;
			files = (
				6D68650F2B91DCDE005CC1C1 /* Poppins-SemiBold.ttf in Resources */,
				6D6865022B91D376005CC1C1 /* Colors.xcassets in Resources */,
				6D6864EC2B91CB9F005CC1C1 /* Launch Screen.storyboard in Resources */,
				6D6865102B91DCDE005CC1C1 /* Poppins-Medium.ttf in Resources */,
				6D6865052B91DAB2005CC1C1 /* Localizable.xcstrings in Resources */,
				6D6864E12B91CA11005CC1C1 /* Assets.xcassets in Resources */,
			);
			runOnlyForDeploymentPostprocessing = 0;
		};
/* End PBXResourcesBuildPhase section */

/* Begin PBXShellScriptBuildPhase section */
		6D6864F92B91CF9F005CC1C1 /* SwiftLint */ = {
			isa = PBXShellScriptBuildPhase;
			buildActionMask = 2147483647;
			files = (
			);
			inputFileListPaths = (
			);
			inputPaths = (
			);
			name = SwiftLint;
			outputFileListPaths = (
			);
			outputPaths = (
			);
			runOnlyForDeploymentPostprocessing = 0;
			shellPath = /bin/sh;
			shellScript = "if [[ \"$(uname -m)\" == arm64 ]]; then\n    export PATH=\"/opt/homebrew/bin:$PATH\"\nfi\n\nif which swiftlint > /dev/null; then\n  swiftlint\nelse\n  echo \"warning: SwiftLint not installed, download from https://github.com/realm/SwiftLint\"\nfi\n";
		};
/* End PBXShellScriptBuildPhase section */

/* Begin PBXSourcesBuildPhase section */
		6D6864D02B91CA0F005CC1C1 /* Sources */ = {
			isa = PBXSourcesBuildPhase;
			buildActionMask = 2147483647;
			files = (
				6D62C1182B9613BF00868579 /* ErrorAlert.swift in Sources */,
				6D62C0E82B95B1AB00868579 /* UITableView+scrollToBottom.swift in Sources */,
				6DB526F22B988ABE00110BDA /* NetworkSerivce.swift in Sources */,
				6D6865282B921A92005CC1C1 /* SenderRole.swift in Sources */,
				6D6865172B91DF4E005CC1C1 /* BinaryFloatingPoint.swift in Sources */,
				6D68651B2B91FA90005CC1C1 /* ChatsTableViewCell.swift in Sources */,
				6D62C1122B96120A00868579 /* Validation.swift in Sources */,
				6D62C0EE2B95D4F600868579 /* UserMessageTableViewCell.swift in Sources */,
				6D62C0F02B95D59600868579 /* BotMessageTableViewCell.swift in Sources */,
				6D6865002B91D24D005CC1C1 /* ChatsListView.swift in Sources */,
				6D62C0FC2B95E04600868579 /* DBService.swift in Sources */,
				6D2CB6BA2B9859A2002C56B3 /* APIError.swift in Sources */,
				6D62C1152B96130B00868579 /* ValidationError.swift in Sources */,
				6D62C1092B95FFFE00868579 /* ChatService.swift in Sources */,
				6D68651F2B91FD5C005CC1C1 /* Reusable.swift in Sources */,
				6D6864DC2B91CA0F005CC1C1 /* ChatsListViewController.swift in Sources */,
				6D6865302B922AAC005CC1C1 /* FlexibleTextView.swift in Sources */,
				6D6865352B924316005CC1C1 /* CheckForEmpty.swift in Sources */,
				6D62C11B2B96613F00868579 /* DotsView.swift in Sources */,
				6D68650B2B91DB00005CC1C1 /* String+localized.swift in Sources */,
				6D68652A2B921AAD005CC1C1 /* ChatView.swift in Sources */,
				6D6864FE2B91D0DE005CC1C1 /* Chat.swift in Sources */,
				6D62C1062B95FE6900868579 /* UITableView+insertRow.swift in Sources */,
				6DB526F52B98944200110BDA /* Notification.Name.swift in Sources */,
				6DB526EF2B98670000110BDA /* ErrorHelper.swift in Sources */,
				6D68652C2B921AB6005CC1C1 /* ChatViewController.swift in Sources */,
				6D62C0F82B95DEEF00868579 /* UIColor+toHex.swift in Sources */,
				6D6865252B921A0F005CC1C1 /* Message.swift in Sources */,
				6D62C0FF2B95E2A300868579 /* APIService.swift in Sources */,
				6D62C0E22B93BDB800868579 /* BubbleMessageView.swift in Sources */,
				6D6865132B91DD7C005CC1C1 /* UIFont+poppins.swift in Sources */,
				6D62C10B2B960A4A00868579 /* UITableView+reloadChats.swift in Sources */,
				6D6864D82B91CA0F005CC1C1 /* AppDelegate.swift in Sources */,
				6D62C0E52B95AE4800868579 /* Constants.swift in Sources */,
			);
			runOnlyForDeploymentPostprocessing = 0;
		};
/* End PBXSourcesBuildPhase section */

/* Begin XCBuildConfiguration section */
		6D6864E62B91CA11005CC1C1 /* Debug */ = {
			isa = XCBuildConfiguration;
			buildSettings = {
				ALWAYS_SEARCH_USER_PATHS = NO;
				ASSETCATALOG_COMPILER_GENERATE_SWIFT_ASSET_SYMBOL_EXTENSIONS = YES;
				CLANG_ANALYZER_NONNULL = YES;
				CLANG_ANALYZER_NUMBER_OBJECT_CONVERSION = YES_AGGRESSIVE;
				CLANG_CXX_LANGUAGE_STANDARD = "gnu++20";
				CLANG_ENABLE_MODULES = YES;
				CLANG_ENABLE_OBJC_ARC = YES;
				CLANG_ENABLE_OBJC_WEAK = YES;
				CLANG_WARN_BLOCK_CAPTURE_AUTORELEASING = YES;
				CLANG_WARN_BOOL_CONVERSION = YES;
				CLANG_WARN_COMMA = YES;
				CLANG_WARN_CONSTANT_CONVERSION = YES;
				CLANG_WARN_DEPRECATED_OBJC_IMPLEMENTATIONS = YES;
				CLANG_WARN_DIRECT_OBJC_ISA_USAGE = YES_ERROR;
				CLANG_WARN_DOCUMENTATION_COMMENTS = YES;
				CLANG_WARN_EMPTY_BODY = YES;
				CLANG_WARN_ENUM_CONVERSION = YES;
				CLANG_WARN_INFINITE_RECURSION = YES;
				CLANG_WARN_INT_CONVERSION = YES;
				CLANG_WARN_NON_LITERAL_NULL_CONVERSION = YES;
				CLANG_WARN_OBJC_IMPLICIT_RETAIN_SELF = YES;
				CLANG_WARN_OBJC_LITERAL_CONVERSION = YES;
				CLANG_WARN_OBJC_ROOT_CLASS = YES_ERROR;
				CLANG_WARN_QUOTED_INCLUDE_IN_FRAMEWORK_HEADER = YES;
				CLANG_WARN_RANGE_LOOP_ANALYSIS = YES;
				CLANG_WARN_STRICT_PROTOTYPES = YES;
				CLANG_WARN_SUSPICIOUS_MOVE = YES;
				CLANG_WARN_UNGUARDED_AVAILABILITY = YES_AGGRESSIVE;
				CLANG_WARN_UNREACHABLE_CODE = YES;
				CLANG_WARN__DUPLICATE_METHOD_MATCH = YES;
				COPY_PHASE_STRIP = NO;
				DEBUG_INFORMATION_FORMAT = dwarf;
				ENABLE_STRICT_OBJC_MSGSEND = YES;
				ENABLE_TESTABILITY = YES;
				ENABLE_USER_SCRIPT_SANDBOXING = NO;
				GCC_C_LANGUAGE_STANDARD = gnu17;
				GCC_DYNAMIC_NO_PIC = NO;
				GCC_NO_COMMON_BLOCKS = YES;
				GCC_OPTIMIZATION_LEVEL = 0;
				GCC_PREPROCESSOR_DEFINITIONS = (
					"DEBUG=1",
					"$(inherited)",
				);
				GCC_WARN_64_TO_32_BIT_CONVERSION = YES;
				GCC_WARN_ABOUT_RETURN_TYPE = YES_ERROR;
				GCC_WARN_UNDECLARED_SELECTOR = YES;
				GCC_WARN_UNINITIALIZED_AUTOS = YES_AGGRESSIVE;
				GCC_WARN_UNUSED_FUNCTION = YES;
				GCC_WARN_UNUSED_VARIABLE = YES;
				IPHONEOS_DEPLOYMENT_TARGET = 17.2;
				LOCALIZATION_PREFERS_STRING_CATALOGS = YES;
				MTL_ENABLE_DEBUG_INFO = INCLUDE_SOURCE;
				MTL_FAST_MATH = YES;
				ONLY_ACTIVE_ARCH = YES;
				SDKROOT = iphoneos;
				SWIFT_ACTIVE_COMPILATION_CONDITIONS = "DEBUG $(inherited)";
				SWIFT_OPTIMIZATION_LEVEL = "-Onone";
			};
			name = Debug;
		};
		6D6864E72B91CA11005CC1C1 /* Release */ = {
			isa = XCBuildConfiguration;
			buildSettings = {
				ALWAYS_SEARCH_USER_PATHS = NO;
				ASSETCATALOG_COMPILER_GENERATE_SWIFT_ASSET_SYMBOL_EXTENSIONS = YES;
				CLANG_ANALYZER_NONNULL = YES;
				CLANG_ANALYZER_NUMBER_OBJECT_CONVERSION = YES_AGGRESSIVE;
				CLANG_CXX_LANGUAGE_STANDARD = "gnu++20";
				CLANG_ENABLE_MODULES = YES;
				CLANG_ENABLE_OBJC_ARC = YES;
				CLANG_ENABLE_OBJC_WEAK = YES;
				CLANG_WARN_BLOCK_CAPTURE_AUTORELEASING = YES;
				CLANG_WARN_BOOL_CONVERSION = YES;
				CLANG_WARN_COMMA = YES;
				CLANG_WARN_CONSTANT_CONVERSION = YES;
				CLANG_WARN_DEPRECATED_OBJC_IMPLEMENTATIONS = YES;
				CLANG_WARN_DIRECT_OBJC_ISA_USAGE = YES_ERROR;
				CLANG_WARN_DOCUMENTATION_COMMENTS = YES;
				CLANG_WARN_EMPTY_BODY = YES;
				CLANG_WARN_ENUM_CONVERSION = YES;
				CLANG_WARN_INFINITE_RECURSION = YES;
				CLANG_WARN_INT_CONVERSION = YES;
				CLANG_WARN_NON_LITERAL_NULL_CONVERSION = YES;
				CLANG_WARN_OBJC_IMPLICIT_RETAIN_SELF = YES;
				CLANG_WARN_OBJC_LITERAL_CONVERSION = YES;
				CLANG_WARN_OBJC_ROOT_CLASS = YES_ERROR;
				CLANG_WARN_QUOTED_INCLUDE_IN_FRAMEWORK_HEADER = YES;
				CLANG_WARN_RANGE_LOOP_ANALYSIS = YES;
				CLANG_WARN_STRICT_PROTOTYPES = YES;
				CLANG_WARN_SUSPICIOUS_MOVE = YES;
				CLANG_WARN_UNGUARDED_AVAILABILITY = YES_AGGRESSIVE;
				CLANG_WARN_UNREACHABLE_CODE = YES;
				CLANG_WARN__DUPLICATE_METHOD_MATCH = YES;
				COPY_PHASE_STRIP = NO;
				DEBUG_INFORMATION_FORMAT = "dwarf-with-dsym";
				ENABLE_NS_ASSERTIONS = NO;
				ENABLE_STRICT_OBJC_MSGSEND = YES;
				ENABLE_USER_SCRIPT_SANDBOXING = NO;
				GCC_C_LANGUAGE_STANDARD = gnu17;
				GCC_NO_COMMON_BLOCKS = YES;
				GCC_WARN_64_TO_32_BIT_CONVERSION = YES;
				GCC_WARN_ABOUT_RETURN_TYPE = YES_ERROR;
				GCC_WARN_UNDECLARED_SELECTOR = YES;
				GCC_WARN_UNINITIALIZED_AUTOS = YES_AGGRESSIVE;
				GCC_WARN_UNUSED_FUNCTION = YES;
				GCC_WARN_UNUSED_VARIABLE = YES;
				IPHONEOS_DEPLOYMENT_TARGET = 17.2;
				LOCALIZATION_PREFERS_STRING_CATALOGS = YES;
				MTL_ENABLE_DEBUG_INFO = NO;
				MTL_FAST_MATH = YES;
				SDKROOT = iphoneos;
				SWIFT_COMPILATION_MODE = wholemodule;
				VALIDATE_PRODUCT = YES;
			};
			name = Release;
		};
		6D6864E92B91CA11005CC1C1 /* Debug */ = {
			isa = XCBuildConfiguration;
			buildSettings = {
				ASSETCATALOG_COMPILER_APPICON_NAME = AppIcon;
				ASSETCATALOG_COMPILER_GLOBAL_ACCENT_COLOR_NAME = AccentColor;
				CODE_SIGN_STYLE = Automatic;
				CURRENT_PROJECT_VERSION = 1;
				DEVELOPMENT_TEAM = 8MS86PQVND;
				GENERATE_INFOPLIST_FILE = YES;
				INFOPLIST_FILE = ChatAI/Info.plist;
				INFOPLIST_KEY_UIApplicationSupportsIndirectInputEvents = YES;
				INFOPLIST_KEY_UILaunchStoryboardName = LaunchScreen;
				INFOPLIST_KEY_UISupportedInterfaceOrientations_iPad = "UIInterfaceOrientationPortrait UIInterfaceOrientationPortraitUpsideDown UIInterfaceOrientationLandscapeLeft UIInterfaceOrientationLandscapeRight";
				INFOPLIST_KEY_UISupportedInterfaceOrientations_iPhone = "UIInterfaceOrientationPortrait UIInterfaceOrientationLandscapeLeft UIInterfaceOrientationLandscapeRight";
				IPHONEOS_DEPLOYMENT_TARGET = 15.0;
				LD_RUNPATH_SEARCH_PATHS = (
					"$(inherited)",
					"@executable_path/Frameworks",
				);
				MARKETING_VERSION = 1.0;
				PRODUCT_BUNDLE_IDENTIFIER = com.volynets.ChatAI;
				PRODUCT_NAME = "$(TARGET_NAME)";
				SWIFT_EMIT_LOC_STRINGS = YES;
				SWIFT_VERSION = 5.0;
				TARGETED_DEVICE_FAMILY = "1,2";
			};
			name = Debug;
		};
		6D6864EA2B91CA11005CC1C1 /* Release */ = {
			isa = XCBuildConfiguration;
			buildSettings = {
				ASSETCATALOG_COMPILER_APPICON_NAME = AppIcon;
				ASSETCATALOG_COMPILER_GLOBAL_ACCENT_COLOR_NAME = AccentColor;
				CODE_SIGN_STYLE = Automatic;
				CURRENT_PROJECT_VERSION = 1;
				DEVELOPMENT_TEAM = 8MS86PQVND;
				GENERATE_INFOPLIST_FILE = YES;
				INFOPLIST_FILE = ChatAI/Info.plist;
				INFOPLIST_KEY_UIApplicationSupportsIndirectInputEvents = YES;
				INFOPLIST_KEY_UILaunchStoryboardName = LaunchScreen;
				INFOPLIST_KEY_UISupportedInterfaceOrientations_iPad = "UIInterfaceOrientationPortrait UIInterfaceOrientationPortraitUpsideDown UIInterfaceOrientationLandscapeLeft UIInterfaceOrientationLandscapeRight";
				INFOPLIST_KEY_UISupportedInterfaceOrientations_iPhone = "UIInterfaceOrientationPortrait UIInterfaceOrientationLandscapeLeft UIInterfaceOrientationLandscapeRight";
				IPHONEOS_DEPLOYMENT_TARGET = 15.0;
				LD_RUNPATH_SEARCH_PATHS = (
					"$(inherited)",
					"@executable_path/Frameworks",
				);
				MARKETING_VERSION = 1.0;
				PRODUCT_BUNDLE_IDENTIFIER = com.volynets.ChatAI;
				PRODUCT_NAME = "$(TARGET_NAME)";
				SWIFT_EMIT_LOC_STRINGS = YES;
				SWIFT_VERSION = 5.0;
				TARGETED_DEVICE_FAMILY = "1,2";
			};
			name = Release;
		};
/* End XCBuildConfiguration section */

/* Begin XCConfigurationList section */
		6D6864CF2B91CA0F005CC1C1 /* Build configuration list for PBXProject "ChatAI" */ = {
			isa = XCConfigurationList;
			buildConfigurations = (
				6D6864E62B91CA11005CC1C1 /* Debug */,
				6D6864E72B91CA11005CC1C1 /* Release */,
			);
			defaultConfigurationIsVisible = 0;
			defaultConfigurationName = Release;
		};
		6D6864E82B91CA11005CC1C1 /* Build configuration list for PBXNativeTarget "ChatAI" */ = {
			isa = XCConfigurationList;
			buildConfigurations = (
				6D6864E92B91CA11005CC1C1 /* Debug */,
				6D6864EA2B91CA11005CC1C1 /* Release */,
			);
			defaultConfigurationIsVisible = 0;
			defaultConfigurationName = Release;
		};
/* End XCConfigurationList section */

/* Begin XCRemoteSwiftPackageReference section */
		6D62C0F12B95DE4600868579 /* XCRemoteSwiftPackageReference "realm-swift" */ = {
			isa = XCRemoteSwiftPackageReference;
			repositoryURL = "https://github.com/realm/realm-swift.git";
			requirement = {
				kind = upToNextMajorVersion;
				minimumVersion = 10.47.0;
			};
		};
		6D62C1002B95E96600868579 /* XCRemoteSwiftPackageReference "Alamofire" */ = {
			isa = XCRemoteSwiftPackageReference;
			repositoryURL = "https://github.com/Alamofire/Alamofire.git";
			requirement = {
				kind = upToNextMajorVersion;
				minimumVersion = 5.9.0;
			};
		};
		6D6864FA2B91CFE7005CC1C1 /* XCRemoteSwiftPackageReference "SnapKit" */ = {
			isa = XCRemoteSwiftPackageReference;
			repositoryURL = "https://github.com/SnapKit/SnapKit.git";
			requirement = {
				kind = upToNextMajorVersion;
				minimumVersion = 5.0.1;
			};
		};
/* End XCRemoteSwiftPackageReference section */

/* Begin XCSwiftPackageProductDependency section */
		6D62C0F22B95DE4600868579 /* Realm */ = {
			isa = XCSwiftPackageProductDependency;
			package = 6D62C0F12B95DE4600868579 /* XCRemoteSwiftPackageReference "realm-swift" */;
			productName = Realm;
		};
		6D62C0F42B95DE4600868579 /* RealmSwift */ = {
			isa = XCSwiftPackageProductDependency;
			package = 6D62C0F12B95DE4600868579 /* XCRemoteSwiftPackageReference "realm-swift" */;
			productName = RealmSwift;
		};
		6D62C1012B95E96600868579 /* Alamofire */ = {
			isa = XCSwiftPackageProductDependency;
			package = 6D62C1002B95E96600868579 /* XCRemoteSwiftPackageReference "Alamofire" */;
			productName = Alamofire;
		};
		6D6864FB2B91CFE7005CC1C1 /* SnapKit */ = {
			isa = XCSwiftPackageProductDependency;
			package = 6D6864FA2B91CFE7005CC1C1 /* XCRemoteSwiftPackageReference "SnapKit" */;
			productName = SnapKit;
		};
/* End XCSwiftPackageProductDependency section */
	};
	rootObject = 6D6864CC2B91CA0F005CC1C1 /* Project object */;
}
